# THIS IS AN AUTOGENERATED FILE. DO NOT EDIT THIS FILE DIRECTLY.
# yarn lockfile v1


args2@^1.2.3:
  version "1.2.3"
  resolved "https://registry.yarnpkg.com/args2/-/args2-1.2.3.tgz#bca52ebe1d89493d4adae05a8835449ce9fce42f"
  dependencies:
    lodash "^4.7.0"

base64-js@^1.0.2:
  version "1.3.0"
  resolved "https://registry.yarnpkg.com/base64-js/-/base64-js-1.3.0.tgz#cab1e6118f051095e58b5281aea8c1cd22bfc0e3"

big.js@^5.1.2:
  version "5.1.2"
  resolved "https://registry.yarnpkg.com/big.js/-/big.js-5.1.2.tgz#946c634f3efd9c8dcd98f953e96a5f389dac3fec"

bizday@^2.0.0:
  version "2.0.0"
  resolved "https://registry.yarnpkg.com/bizday/-/bizday-2.0.0.tgz#167f6324a494e527ea5d281f30b548767d456c29"
  dependencies:
    lodash "^4.17.10"
    moment "^2.22.2"
    rrq "^1.1.1"

buffer@^5.0.6:
  version "5.1.0"
  resolved "https://registry.yarnpkg.com/buffer/-/buffer-5.1.0.tgz#c913e43678c7cb7c8bd16afbcddb6c5505e8f9fe"
  dependencies:
    base64-js "^1.0.2"
    ieee754 "^1.1.4"

coffeescript@^2.2.3:
  version "2.3.1"
  resolved "https://registry.yarnpkg.com/coffeescript/-/coffeescript-2.3.1.tgz#a25f69c251d25805c9842e57fc94bfc453ef6aed"

ieee754@^1.1.4:
  version "1.1.12"
  resolved "https://registry.yarnpkg.com/ieee754/-/ieee754-1.1.12.tgz#50bf24e5b9c8bb98af4964c941cdb0918da7b60b"

lodash@^4.17.10, lodash@^4.7.0:
  version "4.17.11"
  resolved "https://registry.yarnpkg.com/lodash/-/lodash-4.17.11.tgz#b39ea6229ef607ecd89e2c8df12536891cac9b8d"

moment@^2.22.2:
  version "2.22.2"
  resolved "https://registry.yarnpkg.com/moment/-/moment-2.22.2.tgz#3c257f9839fc0e93ff53149632239eb90783ff66"

object-sizeof@^1.2.0:
  version "1.2.0"
  resolved "https://registry.yarnpkg.com/object-sizeof/-/object-sizeof-1.2.0.tgz#66397c923768939d2fc6d2a3930a981e1c7fa68b"
  dependencies:
    buffer "^5.0.6"

pretty-bytes@^5.1.0:
  version "5.1.0"
  resolved "https://registry.yarnpkg.com/pretty-bytes/-/pretty-bytes-5.1.0.tgz#6237ecfbdc6525beaef4de722cc60a58ae0e6c6d"

rrq@1.x, rrq@^1.1.1:
  version "1.1.1"
  resolved "https://registry.yarnpkg.com/rrq/-/rrq-1.1.1.tgz#8f24e708a833791e517540796cad846cb2e5f1c1"

xza@2.x:
  version "2.15.0"
  resolved "https://registry.yarnpkg.com/xza/-/xza-2.15.0.tgz#bd56d8089f30448ffd848424125fc181fce0b556"
  dependencies:
    args2 "^1.2.3"
    big.js "^5.1.2"
    bizday "^2.0.0"
    lodash "^4.17.10"
    moment "^2.22.2"
    object-sizeof "^1.2.0"
    pretty-bytes "^5.1.0"
    rrq "^1.1.1"
